
Microsoft Visual Studio Solution File, Format Version 12.00
# Visual Studio Version 16
VisualStudioVersion = 16.0.29009.5
MinimumVisualStudioVersion = 10.0.40219.1
Project("{FAE04EC0-301F-11D3-BF4B-00C04F79EFBC}") = "FLAProject2", "FLAProject2\FLAProject2.csproj", "{93D5587E-C648-438E-B1C6-83F8D98647A0}"
EndProject
Global
	GlobalSection(SolutionConfigurationPlatforms) = preSolution
		Debug|Any CPU = Debug|Any CPU
		Release|Any CPU = Release|Any CPU
	EndGlobalSection
	GlobalSection(ProjectConfigurationPlatforms) = postSolution
		{93D5587E-C648-438E-B1C6-83F8D98647A0}.Debug|Any CPU.ActiveCfg = Debug|Any CPU
		{93D5587E-C648-438E-B1C6-83F8D98647A0}.Debug|Any CPU.Build.0 = Debug|Any CPU
		{93D5587E-C648-438E-B1C6-83F8D98647A0}.Release|Any CPU.ActiveCfg = Release|Any CPU
		{93D5587E-C648-438E-B1C6-83F8D98647A0}.Release|Any CPU.Build.0 = Release|Any CPU
	EndGlobalSection
	GlobalSection(SolutionProperties) = preSolution
		HideSolutionNode = FALSE
	EndGlobalSection
	GlobalSection(ExtensibilityGlobals) = postSolution
		SolutionGuid = {F7B6AD11-0EFC-44A4-BB23-72C459A9561F}
	EndGlobalSection
EndGlobal
